{
  "nodes": {
    "nixpkgs": {
      "locked": {
        "lastModified": 1778443072,
        "narHash": "sha256-zi7/fsqM/kFdNuED//4WOCUtezGtKKqRNORjMvfwjnA=",
        "owner": "NixOS",
        "repo": "nixpkgs",
        "rev": "da5ad661ba4e5ef59ba743f0d112cbc30e474f32",
        "type": "github"
      },
      "original": {
        "owner": "NixOS",
        "ref": "nixos-unstable",
        "repo": "nixpkgs",
        "type": "github"
      }
    },
    "pyproject-nix": {
      "inputs": {
        "nixpkgs": [
          "nixpkgs"
        ]
      },
      "locked": {
        "lastModified": 1778824905,
        "narHash": "sha256-nzpb7npmpVQGDihItjtu5aVhmnGbh+X2qThRfZ+yknA=",
        "owner": "pyproject-nix",
        "repo": "pyproject.nix",
        "rev": "e0de53826b89b6cee1930abb544dcf4c4d753050",
        "type": "github"
      },
      "original": {
        "owner": "pyproject-nix",
        "repo": "pyproject.nix",
        "type": "github"
      }
    },
    "root": {
      "inputs": {
        "nixpkgs": "nixpkgs",
        "pyproject-nix": "pyproject-nix"
      }
    }
  },
  "root": "root",
  "version": 7
}
